
Microsoft Visual Studio Solution File, Format Version 12.00
# Visual Studio Version 17
VisualStudioVersion = 17.3.32929.385
MinimumVisualStudioVersion = 10.0.40219.1
Project("{FAE04EC0-301F-11D3-BF4B-00C04F79EFBC}") = "Day1CalorieCounting", "Day1CalorieCounting\Day1CalorieCounting.csproj", "{F09BA6EB-BCCD-4452-B79B-BE0784ECBEC6}"
EndProject
Global
	GlobalSection(SolutionConfigurationPlatforms) = preSolution
		Debug|Any CPU = Debug|Any CPU
		Release|Any CPU = Release|Any CPU
	EndGlobalSection
	GlobalSection(ProjectConfigurationPlatforms) = postSolution
		{F09BA6EB-BCCD-4452-B79B-BE0784ECBEC6}.Debug|Any CPU.ActiveCfg = Debug|Any CPU
		{F09BA6EB-BCCD-4452-B79B-BE0784ECBEC6}.Debug|Any CPU.Build.0 = Debug|Any CPU
		{F09BA6EB-BCCD-4452-B79B-BE0784ECBEC6}.Release|Any CPU.ActiveCfg = Release|Any CPU
		{F09BA6EB-BCCD-4452-B79B-BE0784ECBEC6}.Release|Any CPU.Build.0 = Release|Any CPU
	EndGlobalSection
	GlobalSection(SolutionProperties) = preSolution
		HideSolutionNode = FALSE
	EndGlobalSection
	GlobalSection(ExtensibilityGlobals) = postSolution
		SolutionGuid = {9B7F3C4A-A8AC-4076-8B5D-0FC02114150F}
	EndGlobalSection
EndGlobal
