
Microsoft Visual Studio Solution File, Format Version 12.00
# Visual Studio Version 17
VisualStudioVersion = 17.4.33122.133
MinimumVisualStudioVersion = 10.0.40219.1
Project("{FAE04EC0-301F-11D3-BF4B-00C04F79EFBC}") = "Day5SupplyStacks", "Day5SupplyStacks\Day5SupplyStacks.csproj", "{B2142ED2-B1FE-4EEE-B771-BF2803C3983D}"
EndProject
Global
	GlobalSection(SolutionConfigurationPlatforms) = preSolution
		Debug|Any CPU = Debug|Any CPU
		Release|Any CPU = Release|Any CPU
	EndGlobalSection
	GlobalSection(ProjectConfigurationPlatforms) = postSolution
		{B2142ED2-B1FE-4EEE-B771-BF2803C3983D}.Debug|Any CPU.ActiveCfg = Debug|Any CPU
		{B2142ED2-B1FE-4EEE-B771-BF2803C3983D}.Debug|Any CPU.Build.0 = Debug|Any CPU
		{B2142ED2-B1FE-4EEE-B771-BF2803C3983D}.Release|Any CPU.ActiveCfg = Release|Any CPU
		{B2142ED2-B1FE-4EEE-B771-BF2803C3983D}.Release|Any CPU.Build.0 = Release|Any CPU
	EndGlobalSection
	GlobalSection(SolutionProperties) = preSolution
		HideSolutionNode = FALSE
	EndGlobalSection
	GlobalSection(ExtensibilityGlobals) = postSolution
		SolutionGuid = {E4A6052C-F030-4659-9741-9546B4B2C0A0}
	EndGlobalSection
EndGlobal
