
Microsoft Visual Studio Solution File, Format Version 12.00
# Visual Studio Version 17
VisualStudioVersion = 17.4.33122.133
MinimumVisualStudioVersion = 10.0.40219.1
Project("{FAE04EC0-301F-11D3-BF4B-00C04F79EFBC}") = "Day12HillClimbingAlgorithm", "Day12HillClimbingAlgorithm\Day12HillClimbingAlgorithm.csproj", "{F149F338-35E5-4C23-AF4E-070CAFB0D13C}"
EndProject
Global
	GlobalSection(SolutionConfigurationPlatforms) = preSolution
		Debug|Any CPU = Debug|Any CPU
		Release|Any CPU = Release|Any CPU
	EndGlobalSection
	GlobalSection(ProjectConfigurationPlatforms) = postSolution
		{F149F338-35E5-4C23-AF4E-070CAFB0D13C}.Debug|Any CPU.ActiveCfg = Debug|Any CPU
		{F149F338-35E5-4C23-AF4E-070CAFB0D13C}.Debug|Any CPU.Build.0 = Debug|Any CPU
		{F149F338-35E5-4C23-AF4E-070CAFB0D13C}.Release|Any CPU.ActiveCfg = Release|Any CPU
		{F149F338-35E5-4C23-AF4E-070CAFB0D13C}.Release|Any CPU.Build.0 = Release|Any CPU
	EndGlobalSection
	GlobalSection(SolutionProperties) = preSolution
		HideSolutionNode = FALSE
	EndGlobalSection
	GlobalSection(ExtensibilityGlobals) = postSolution
		SolutionGuid = {F0D6D825-0A33-42F0-9100-0D1EC2241304}
	EndGlobalSection
EndGlobal
