
Microsoft Visual Studio Solution File, Format Version 12.00
# Visual Studio Version 17
VisualStudioVersion = 17.4.33122.133
MinimumVisualStudioVersion = 10.0.40219.1
Project("{FAE04EC0-301F-11D3-BF4B-00C04F79EFBC}") = "Day11MonkeyInTheMiddle", "Day11MonkeyInTheMiddle\Day11MonkeyInTheMiddle.csproj", "{3FC67EAA-06F8-4B5A-9E4D-AF064275AE07}"
EndProject
Global
	GlobalSection(SolutionConfigurationPlatforms) = preSolution
		Debug|Any CPU = Debug|Any CPU
		Release|Any CPU = Release|Any CPU
	EndGlobalSection
	GlobalSection(ProjectConfigurationPlatforms) = postSolution
		{3FC67EAA-06F8-4B5A-9E4D-AF064275AE07}.Debug|Any CPU.ActiveCfg = Debug|Any CPU
		{3FC67EAA-06F8-4B5A-9E4D-AF064275AE07}.Debug|Any CPU.Build.0 = Debug|Any CPU
		{3FC67EAA-06F8-4B5A-9E4D-AF064275AE07}.Release|Any CPU.ActiveCfg = Release|Any CPU
		{3FC67EAA-06F8-4B5A-9E4D-AF064275AE07}.Release|Any CPU.Build.0 = Release|Any CPU
	EndGlobalSection
	GlobalSection(SolutionProperties) = preSolution
		HideSolutionNode = FALSE
	EndGlobalSection
	GlobalSection(ExtensibilityGlobals) = postSolution
		SolutionGuid = {AAD5513D-75E3-4D2C-8460-29D610504BB5}
	EndGlobalSection
EndGlobal
